{
  "version": 4,
  "terraform_version": "1.0.1",
  "serial": 7,
  "lineage": "44470084-6281-63b9-259d-cdf80b186de4",
  "outputs": {
    "connection_string": {
      "value": "Connection Timeout=30;Initial Catalog=infra_database;Password=Jvhpassword1;Server=sql-jvh-sql-garz.database.windows.net;TrustServerCertificate=False;User ID=jvhadmin",
      "type": "string",
      "sensitive": true
    }
  },
  "resources": [
    {
      "module": "module.sql_server",
      "mode": "managed",
      "type": "azurerm_mssql_database",
      "name": "sql",
      "provider": "module.sql_server.provider[\"registry.terraform.io/hashicorp/azurerm\"]",
      "instances": [
        {
          "schema_version": 1,
          "attributes": {
            "auto_pause_delay_in_minutes": 0,
            "collation": "SQL_Latin1_General_CP1_CI_AS",
            "create_mode": "Default",
            "creation_source_database_id": null,
            "elastic_pool_id": "",
            "extended_auditing_policy": [],
            "geo_backup_enabled": true,
            "id": "/subscriptions/060bb414-ecdc-4591-8fa3-60a9338e9911/resourceGroups/rg-jvh-sql-garz/providers/Microsoft.Sql/servers/sql-jvh-sql-garz/databases/infra_database",
            "license_type": "LicenseIncluded",
            "long_term_retention_policy": [
              {
                "monthly_retention": "PT0S",
                "week_of_year": 0,
                "weekly_retention": "PT0S",
                "yearly_retention": "PT0S"
              }
            ],
            "max_size_gb": 32,
            "min_capacity": 0,
            "name": "infra_database",
            "read_replica_count": 0,
            "read_scale": false,
            "recover_database_id": null,
            "restore_dropped_database_id": null,
            "restore_point_in_time": null,
            "sample_name": null,
            "server_id": "/subscriptions/060bb414-ecdc-4591-8fa3-60a9338e9911/resourceGroups/rg-jvh-sql-garz/providers/Microsoft.Sql/servers/sql-jvh-sql-garz",
            "short_term_retention_policy": [
              {
                "retention_days": 7
              }
            ],
            "sku_name": "GP_Gen5_2",
            "storage_account_type": "GRS",
            "tags": null,
            "threat_detection_policy": [
              {
                "disabled_alerts": [],
                "email_account_admins": "Disabled",
                "email_addresses": [],
                "retention_days": 0,
                "state": "Disabled",
                "storage_account_access_key": "",
                "storage_endpoint": "",
                "use_server_default": "Disabled"
              }
            ],
            "timeouts": null,
            "zone_redundant": false
          },
          "sensitive_attributes": [],
          "private": "eyJlMmJmYjczMC1lY2FhLTExZTYtOGY4OC0zNDM2M2JjN2M0YzAiOnsiY3JlYXRlIjozNjAwMDAwMDAwMDAwLCJkZWxldGUiOjM2MDAwMDAwMDAwMDAsInJlYWQiOjMwMDAwMDAwMDAwMCwidXBkYXRlIjozNjAwMDAwMDAwMDAwfSwic2NoZW1hX3ZlcnNpb24iOiIxIn0=",
          "dependencies": [
            "module.sql_server.azurerm_mssql_server.sql",
            "module.sql_server.azurerm_resource_group.sql",
            "module.sql_server.module.naming.random_string.first_letter",
            "module.sql_server.module.naming.random_string.main"
          ]
        }
      ]
    },
    {
      "module": "module.sql_server",
      "mode": "managed",
      "type": "azurerm_mssql_firewall_rule",
      "name": "example",
      "provider": "module.sql_server.provider[\"registry.terraform.io/hashicorp/azurerm\"]",
      "instances": [
        {
          "schema_version": 0,
          "attributes": {
            "end_ip_address": "91.110.158.178",
            "id": "/subscriptions/060bb414-ecdc-4591-8fa3-60a9338e9911/resourceGroups/rg-jvh-sql-garz/providers/Microsoft.Sql/servers/sql-jvh-sql-garz/firewallRules/AllowHomeAddress",
            "name": "AllowHomeAddress",
            "server_id": "/subscriptions/060bb414-ecdc-4591-8fa3-60a9338e9911/resourceGroups/rg-jvh-sql-garz/providers/Microsoft.Sql/servers/sql-jvh-sql-garz",
            "start_ip_address": "91.110.158.178",
            "timeouts": null
          },
          "sensitive_attributes": [],
          "private": "eyJlMmJmYjczMC1lY2FhLTExZTYtOGY4OC0zNDM2M2JjN2M0YzAiOnsiY3JlYXRlIjoxODAwMDAwMDAwMDAwLCJkZWxldGUiOjE4MDAwMDAwMDAwMDAsInJlYWQiOjMwMDAwMDAwMDAwMCwidXBkYXRlIjoxODAwMDAwMDAwMDAwfX0=",
          "dependencies": [
            "module.sql_server.azurerm_mssql_server.sql",
            "module.sql_server.azurerm_resource_group.sql",
            "module.sql_server.module.naming.random_string.first_letter",
            "module.sql_server.module.naming.random_string.main"
          ]
        }
      ]
    },
    {
      "module": "module.sql_server",
      "mode": "managed",
      "type": "azurerm_mssql_server",
      "name": "sql",
      "provider": "module.sql_server.provider[\"registry.terraform.io/hashicorp/azurerm\"]",
      "instances": [
        {
          "schema_version": 0,
          "attributes": {
            "administrator_login": "jvhadmin",
            "administrator_login_password": "Jvhpassword1",
            "azuread_administrator": [],
            "connection_policy": "Default",
            "extended_auditing_policy": [],
            "fully_qualified_domain_name": "sql-jvh-sql-garz.database.windows.net",
            "id": "/subscriptions/060bb414-ecdc-4591-8fa3-60a9338e9911/resourceGroups/rg-jvh-sql-garz/providers/Microsoft.Sql/servers/sql-jvh-sql-garz",
            "identity": [],
            "location": "uksouth",
            "minimum_tls_version": "",
            "name": "sql-jvh-sql-garz",
            "public_network_access_enabled": true,
            "resource_group_name": "rg-jvh-sql-garz",
            "restorable_dropped_database_ids": [],
            "tags": null,
            "timeouts": null,
            "version": "12.0"
          },
          "sensitive_attributes": [],
          "private": "eyJlMmJmYjczMC1lY2FhLTExZTYtOGY4OC0zNDM2M2JjN2M0YzAiOnsiY3JlYXRlIjozNjAwMDAwMDAwMDAwLCJkZWxldGUiOjM2MDAwMDAwMDAwMDAsInJlYWQiOjMwMDAwMDAwMDAwMCwidXBkYXRlIjozNjAwMDAwMDAwMDAwfX0=",
          "dependencies": [
            "module.sql_server.azurerm_resource_group.sql",
            "module.sql_server.module.naming.random_string.first_letter",
            "module.sql_server.module.naming.random_string.main"
          ]
        }
      ]
    },
    {
      "module": "module.sql_server",
      "mode": "managed",
      "type": "azurerm_resource_group",
      "name": "sql",
      "provider": "module.sql_server.provider[\"registry.terraform.io/hashicorp/azurerm\"]",
      "instances": [
        {
          "schema_version": 0,
          "attributes": {
            "id": "/subscriptions/060bb414-ecdc-4591-8fa3-60a9338e9911/resourceGroups/rg-jvh-sql-garz",
            "location": "uksouth",
            "name": "rg-jvh-sql-garz",
            "tags": null,
            "timeouts": null
          },
          "sensitive_attributes": [],
          "private": "eyJlMmJmYjczMC1lY2FhLTExZTYtOGY4OC0zNDM2M2JjN2M0YzAiOnsiY3JlYXRlIjo1NDAwMDAwMDAwMDAwLCJkZWxldGUiOjU0MDAwMDAwMDAwMDAsInJlYWQiOjMwMDAwMDAwMDAwMCwidXBkYXRlIjo1NDAwMDAwMDAwMDAwfX0=",
          "dependencies": [
            "module.sql_server.module.naming.random_string.first_letter",
            "module.sql_server.module.naming.random_string.main"
          ]
        }
      ]
    },
    {
      "module": "module.sql_server.module.naming",
      "mode": "managed",
      "type": "random_string",
      "name": "first_letter",
      "provider": "provider[\"registry.terraform.io/hashicorp/random\"]",
      "instances": [
        {
          "schema_version": 1,
          "attributes": {
            "id": "g",
            "keepers": null,
            "length": 1,
            "lower": true,
            "min_lower": 0,
            "min_numeric": 0,
            "min_special": 0,
            "min_upper": 0,
            "number": false,
            "override_special": null,
            "result": "g",
            "special": false,
            "upper": false
          },
          "sensitive_attributes": [],
          "private": "eyJzY2hlbWFfdmVyc2lvbiI6IjEifQ=="
        }
      ]
    },
    {
      "module": "module.sql_server.module.naming",
      "mode": "managed",
      "type": "random_string",
      "name": "main",
      "provider": "provider[\"registry.terraform.io/hashicorp/random\"]",
      "instances": [
        {
          "schema_version": 1,
          "attributes": {
            "id": "arzbhkmld0tjj544ff56hy8onlyvdndkhbf6tuog8q5dryfnyd5kcd1dteql",
            "keepers": null,
            "length": 60,
            "lower": true,
            "min_lower": 0,
            "min_numeric": 0,
            "min_special": 0,
            "min_upper": 0,
            "number": true,
            "override_special": null,
            "result": "arzbhkmld0tjj544ff56hy8onlyvdndkhbf6tuog8q5dryfnyd5kcd1dteql",
            "special": false,
            "upper": false
          },
          "sensitive_attributes": [],
          "private": "eyJzY2hlbWFfdmVyc2lvbiI6IjEifQ=="
        }
      ]
    }
  ]
}
